PODS:
  - FBSnapshotTestCase (2.1.4):
    - FBSnapshotTestCase/SwiftSupport (= 2.1.4)
  - FBSnapshotTestCase/Core (2.1.4)
  - FBSnapshotTestCase/SwiftSupport (2.1.4):
    - FBSnapshotTestCase/Core
  - HKPhotoTools (0.1.0)
  - Kiwi (3.0.0)

DEPENDENCIES:
  - FBSnapshotTestCase
  - HKPhotoTools (from `../`)
  - Kiwi

SPEC REPOS:
  https://github.com/cocoapods/specs.git:
    - FBSnapshotTestCase
    - Kiwi

EXTERNAL SOURCES:
  HKPhotoTools:
    :path: "../"

SPEC CHECKSUMS:
  FBSnapshotTestCase: 094f9f314decbabe373b87cc339bea235a63e07a
  HKPhotoTools: 1add338c98d923d4e7331c1669815909614f109e
  Kiwi: fbeafef0f00e4d8f7dcb3420a4930afe70af77f7

PODFILE CHECKSUM: 9a29122a7abdb6ea4ecd1e6ce6be5182bad48477

COCOAPODS: 1.7.5
